<?xml version="1.0" encoding="utf-8"?>
<Project ToolsVersion="4.0" xmlns="http://schemas.microsoft.com/developer/msbuild/2003">
  <ItemGroup>
    <Filter Include="Class">
      <UniqueIdentifier>{829aadff-e7de-4bee-8931-78b5fef72380}</UniqueIdentifier>
    </Filter>
    <Filter Include="Main">
      <UniqueIdentifier>{65f34c23-0a4a-46f3-98b9-4923904ed15d}</UniqueIdentifier>
    </Filter>
  </ItemGroup>
  <ItemGroup>
    <ClCompile Include="Server.cpp">
      <Filter>Class</Filter>
    </ClCompile>
    <ClCompile Include="ServerMain.cpp">
      <Filter>Main</Filter>
    </ClCompile>
  </ItemGroup>
  <ItemGroup>
    <ClInclude Include="Server.h">
      <Filter>Class</Filter>
    </ClInclude>
    <ClInclude Include="ServerMain.h">
      <Filter>Main</Filter>
    </ClInclude>
  </ItemGroup>
</Project>